
Microsoft Visual Studio Solution File, Format Version 12.00
# Visual Studio Version 17
VisualStudioVersion = 17.14.36414.22 d17.14
MinimumVisualStudioVersion = 10.0.40219.1
Project("{FAE04EC0-301F-11D3-BF4B-00C04F79EFBC}") = "TodoApi", "TodoApi\TodoApi.csproj", "{934D2DA2-003A-470F-B9BA-B3E3BB67FFB1}"
EndProject
Global
	GlobalSection(SolutionConfigurationPlatforms) = preSolution
		Debug|Any CPU = Debug|Any CPU
		Release|Any CPU = Release|Any CPU
	EndGlobalSection
	GlobalSection(ProjectConfigurationPlatforms) = postSolution
		{934D2DA2-003A-470F-B9BA-B3E3BB67FFB1}.Debug|Any CPU.ActiveCfg = Debug|Any CPU
		{934D2DA2-003A-470F-B9BA-B3E3BB67FFB1}.Debug|Any CPU.Build.0 = Debug|Any CPU
		{934D2DA2-003A-470F-B9BA-B3E3BB67FFB1}.Release|Any CPU.ActiveCfg = Release|Any CPU
		{934D2DA2-003A-470F-B9BA-B3E3BB67FFB1}.Release|Any CPU.Build.0 = Release|Any CPU
	EndGlobalSection
	GlobalSection(SolutionProperties) = preSolution
		HideSolutionNode = FALSE
	EndGlobalSection
	GlobalSection(ExtensibilityGlobals) = postSolution
		SolutionGuid = {DE779A43-8014-453C-ACA6-E23BED5EE411}
	EndGlobalSection
EndGlobal
